<?xml version="1.0" encoding="UTF-8" standalone="yes" ?>
<CodeBlocks_project_file>
	<FileVersion major="1" minor="6" />
	<Project>
		<Option title="test_cluige" />
		<Option pch_mode="2" />
		<Option compiler="gcc" />
		<Build>
			<Target title="Debug">
				<Option output="bin/Debug/test_cluige" prefix_auto="1" extension_auto="1" />
				<Option object_output="obj/Debug/" />
				<Option type="1" />
				<Option compiler="gcc" />
				<Compiler>
					<Add option="-g" />
				</Compiler>
				<Linker>
					<Add library="../cluige/bin/Debug/libcluige.a" />
					<Add directory="../cluige/bin/Debug" />
				</Linker>
			</Target>
			<Target title="Release">
				<Option output="bin/Release/test_cluige" prefix_auto="1" extension_auto="1" />
				<Option object_output="obj/Release/" />
				<Option type="1" />
				<Option compiler="gcc" />
				<Compiler>
					<Add option="-O2" />
				</Compiler>
				<Linker>
					<Add option="-s" />
					<Add library="../cluige/bin/Release/libcluige.dll" />
					<Add directory="../cluige/bin/Release" />
				</Linker>
			</Target>
		</Build>
		<Compiler>
			<Add option="-Wall" />
			<Add option="-std=c11" />
			<Add option="-DPDC_WIDE" />
			<Add directory="../cluige" />
		</Compiler>
		<Linker>
			<Add option="-static-libgcc" />
			<Add option="-static" />
		</Linker>
		<Unit filename="camera_test.c">
			<Option compilerVar="CC" />
		</Unit>
		<Unit filename="camera_test.h" />
		<Unit filename="common_test.h" />
		<Unit filename="icon.svg" />
		<Unit filename="main_cluige_test.c">
			<Option compilerVar="CC" />
		</Unit>
		<Extensions />
	</Project>
</CodeBlocks_project_file>
